
Microsoft Visual Studio Solution File, Format Version 12.00
# Visual Studio 2012
Project("{FAE04EC0-301F-11D3-BF4B-00C04F79EFBC}") = "Phoneword_IOS", "Phoneword_IOS\Phoneword_IOS.csproj", "{07D0FD22-3212-49DA-9AE6-A2C46F36E5EC}"
EndProject
Global
	GlobalSection(SolutionConfigurationPlatforms) = preSolution
		Debug|iPhoneSimulator = Debug|iPhoneSimulator
		Release|iPhone = Release|iPhone
		Release|iPhoneSimulator = Release|iPhoneSimulator
		Debug|iPhone = Debug|iPhone
	EndGlobalSection
	GlobalSection(ProjectConfigurationPlatforms) = postSolution
		{07D0FD22-3212-49DA-9AE6-A2C46F36E5EC}.Debug|iPhoneSimulator.ActiveCfg = Debug|iPhoneSimulator
		{07D0FD22-3212-49DA-9AE6-A2C46F36E5EC}.Debug|iPhoneSimulator.Build.0 = Debug|iPhoneSimulator
		{07D0FD22-3212-49DA-9AE6-A2C46F36E5EC}.Release|iPhone.ActiveCfg = Release|iPhone
		{07D0FD22-3212-49DA-9AE6-A2C46F36E5EC}.Release|iPhone.Build.0 = Release|iPhone
		{07D0FD22-3212-49DA-9AE6-A2C46F36E5EC}.Release|iPhoneSimulator.ActiveCfg = Release|iPhoneSimulator
		{07D0FD22-3212-49DA-9AE6-A2C46F36E5EC}.Release|iPhoneSimulator.Build.0 = Release|iPhoneSimulator
		{07D0FD22-3212-49DA-9AE6-A2C46F36E5EC}.Debug|iPhone.ActiveCfg = Debug|iPhone
		{07D0FD22-3212-49DA-9AE6-A2C46F36E5EC}.Debug|iPhone.Build.0 = Debug|iPhone
	EndGlobalSection
EndGlobal
